// !$*UTF8*$!
{
	archiveVersion = 1;
	classes = {
	};
	objectVersion = 50;
	objects = {

/* Begin PBXBuildFile section */
		9B89460F26D682C100F2A232 /* AppDelegate.swift in Sources */ = {isa = PBXBuildFile; fileRef = 9B89460E26D682C100F2A232 /* AppDelegate.swift */; };
		9B89461126D682C100F2A232 /* SceneDelegate.swift in Sources */ = {isa = PBXBuildFile; fileRef = 9B89461026D682C100F2A232 /* SceneDelegate.swift */; };
		9B89461326D682C100F2A232 /* ViewController.swift in Sources */ = {isa = PBXBuildFile; fileRef = 9B89461226D682C100F2A232 /* ViewController.swift */; };
		9B89461626D682C100F2A232 /* Main.storyboard in Resources */ = {isa = PBXBuildFile; fileRef = 9B89461426D682C100F2A232 /* Main.storyboard */; };
		9B89461926D682C100F2A232 /* Agile_Admin.xcdatamodeld in Sources */ = {isa = PBXBuildFile; fileRef = 9B89461726D682C100F2A232 /* Agile_Admin.xcdatamodeld */; };
		9B89461B26D682CA00F2A232 /* Assets.xcassets in Resources */ = {isa = PBXBuildFile; fileRef = 9B89461A26D682CA00F2A232 /* Assets.xcassets */; };
		9B89461E26D682CA00F2A232 /* LaunchScreen.storyboard in Resources */ = {isa = PBXBuildFile; fileRef = 9B89461C26D682CA00F2A232 /* LaunchScreen.storyboard */; };
		9B89462926D682CB00F2A232 /* Agile_AdminTests.swift in Sources */ = {isa = PBXBuildFile; fileRef = 9B89462826D682CB00F2A232 /* Agile_AdminTests.swift */; };
		9B89463426D682CB00F2A232 /* Agile_AdminUITests.swift in Sources */ = {isa = PBXBuildFile; fileRef = 9B89463326D682CB00F2A232 /* Agile_AdminUITests.swift */; };
/* End PBXBuildFile section */

/* Begin PBXContainerItemProxy section */
		9B89462526D682CB00F2A232 /* PBXContainerItemProxy */ = {
			isa = PBXContainerItemProxy;
			containerPortal = 9B89460326D682C100F2A232 /* Project object */;
			proxyType = 1;
			remoteGlobalIDString = 9B89460A26D682C100F2A232;
			remoteInfo = "Agile Admin";
		};
		9B89463026D682CB00F2A232 /* PBXContainerItemProxy */ = {
			isa = PBXContainerItemProxy;
			containerPortal = 9B89460326D682C100F2A232 /* Project object */;
			proxyType = 1;
			remoteGlobalIDString = 9B89460A26D682C100F2A232;
			remoteInfo = "Agile Admin";
		};
/* End PBXContainerItemProxy section */

/* Begin PBXFileReference section */
		9B89460B26D682C100F2A232 /* Agile Admin.app */ = {isa = PBXFileReference; explicitFileType = wrapper.application; includeInIndex = 0; path = "Agile Admin.app"; sourceTree = BUILT_PRODUCTS_DIR; };
		9B89460E26D682C100F2A232 /* AppDelegate.swift */ = {isa = PBXFileReference; lastKnownFileType = sourcecode.swift; path = AppDelegate.swift; sourceTree = "<group>"; };
		9B89461026D682C100F2A232 /* SceneDelegate.swift */ = {isa = PBXFileReference; lastKnownFileType = sourcecode.swift; path = SceneDelegate.swift; sourceTree = "<group>"; };
		9B89461226D682C100F2A232 /* ViewController.swift */ = {isa = PBXFileReference; lastKnownFileType = sourcecode.swift; path = ViewController.swift; sourceTree = "<group>"; };
		9B89461526D682C100F2A232 /* Base */ = {isa = PBXFileReference; lastKnownFileType = file.storyboard; name = Base; path = Base.lproj/Main.storyboard; sourceTree = "<group>"; };
		9B89461826D682C100F2A232 /* Agile_Admin.xcdatamodel */ = {isa = PBXFileReference; lastKnownFileType = wrapper.xcdatamodel; path = Agile_Admin.xcdatamodel; sourceTree = "<group>"; };
		9B89461A26D682CA00F2A232 /* Assets.xcassets */ = {isa = PBXFileReference; lastKnownFileType = folder.assetcatalog; path = Assets.xcassets; sourceTree = "<group>"; };
		9B89461D26D682CA00F2A232 /* Base */ = {isa = PBXFileReference; lastKnownFileType = file.storyboard; name = Base; path = Base.lproj/LaunchScreen.storyboard; sourceTree = "<group>"; };
		9B89461F26D682CA00F2A232 /* Info.plist */ = {isa = PBXFileReference; lastKnownFileType = text.plist.xml; path = Info.plist; sourceTree = "<group>"; };
		9B89462426D682CB00F2A232 /* Agile AdminTests.xctest */ = {isa = PBXFileReference; explicitFileType = wrapper.cfbundle; includeInIndex = 0; path = "Agile AdminTests.xctest"; sourceTree = BUILT_PRODUCTS_DIR; };
		9B89462826D682CB00F2A232 /* Agile_AdminTests.swift */ = {isa = PBXFileReference; lastKnownFileType = sourcecode.swift; path = Agile_AdminTests.swift; sourceTree = "<group>"; };
		9B89462A26D682CB00F2A232 /* Info.plist */ = {isa = PBXFileReference; lastKnownFileType = text.plist.xml; path = Info.plist; sourceTree = "<group>"; };
		9B89462F26D682CB00F2A232 /* Agile AdminUITests.xctest */ = {isa = PBXFileReference; explicitFileType = wrapper.cfbundle; includeInIndex = 0; path = "Agile AdminUITests.xctest"; sourceTree = BUILT_PRODUCTS_DIR; };
		9B89463326D682CB00F2A232 /* Agile_AdminUITests.swift */ = {isa = PBXFileReference; lastKnownFileType = sourcecode.swift; path = Agile_AdminUITests.swift; sourceTree = "<group>"; };
		9B89463526D682CB00F2A232 /* Info.plist */ = {isa = PBXFileReference; lastKnownFileType = text.plist.xml; path = Info.plist; sourceTree = "<group>"; };
/* End PBXFileReference section */

/* Begin PBXFrameworksBuildPhase section */
		9B89460826D682C100F2A232 /* Frameworks */ = {
			isa = PBXFrameworksBuildPhase;
			buildActionMask = 2147483647;
			files = (
			);
			runOnlyForDeploymentPostprocessing = 0;
		};
		9B89462126D682CB00F2A232 /* Frameworks */ = {
			isa = PBXFrameworksBuildPhase;
			buildActionMask = 2147483647;
			files = (
			);
			runOnlyForDeploymentPostprocessing = 0;
		};
		9B89462C26D682CB00F2A232 /* Frameworks */ = {
			isa = PBXFrameworksBuildPhase;
			buildActionMask = 2147483647;
			files = (
			);
			runOnlyForDeploymentPostprocessing = 0;
		};
/* End PBXFrameworksBuildPhase section */

/* Begin PBXGroup section */
		9B89460226D682C100F2A232 = {
			isa = PBXGroup;
			children = (
				9B89460D26D682C100F2A232 /* Agile Admin */,
				9B89462726D682CB00F2A232 /* Agile AdminTests */,
				9B89463226D682CB00F2A232 /* Agile AdminUITests */,
				9B89460C26D682C100F2A232 /* Products */,
			);
			sourceTree = "<group>";
		};
		9B89460C26D682C100F2A232 /* Products */ = {
			isa = PBXGroup;
			children = (
				9B89460B26D682C100F2A232 /* Agile Admin.app */,
				9B89462426D682CB00F2A232 /* Agile AdminTests.xctest */,
				9B89462F26D682CB00F2A232 /* Agile AdminUITests.xctest */,
			);
			name = Products;
			sourceTree = "<group>";
		};
		9B89460D26D682C100F2A232 /* Agile Admin */ = {
			isa = PBXGroup;
			children = (
				9B89460E26D682C100F2A232 /* AppDelegate.swift */,
				9B89461026D682C100F2A232 /* SceneDelegate.swift */,
				9B89461226D682C100F2A232 /* ViewController.swift */,
				9B89461426D682C100F2A232 /* Main.storyboard */,
				9B89461A26D682CA00F2A232 /* Assets.xcassets */,
				9B89461C26D682CA00F2A232 /* LaunchScreen.storyboard */,
				9B89461F26D682CA00F2A232 /* Info.plist */,
				9B89461726D682C100F2A232 /* Agile_Admin.xcdatamodeld */,
			);
			path = "Agile Admin";
			sourceTree = "<group>";
		};
		9B89462726D682CB00F2A232 /* Agile AdminTests */ = {
			isa = PBXGroup;
			children = (
				9B89462826D682CB00F2A232 /* Agile_AdminTests.swift */,
				9B89462A26D682CB00F2A232 /* Info.plist */,
			);
			path = "Agile AdminTests";
			sourceTree = "<group>";
		};
		9B89463226D682CB00F2A232 /* Agile AdminUITests */ = {
			isa = PBXGroup;
			children = (
				9B89463326D682CB00F2A232 /* Agile_AdminUITests.swift */,
				9B89463526D682CB00F2A232 /* Info.plist */,
			);
			path = "Agile AdminUITests";
			sourceTree = "<group>";
		};
/* End PBXGroup section */

/* Begin PBXNativeTarget section */
		9B89460A26D682C100F2A232 /* Agile Admin */ = {
			isa = PBXNativeTarget;
			buildConfigurationList = 9B89463826D682CB00F2A232 /* Build configuration list for PBXNativeTarget "Agile Admin" */;
			buildPhases = (
				9B89460726D682C100F2A232 /* Sources */,
				9B89460826D682C100F2A232 /* Frameworks */,
				9B89460926D682C100F2A232 /* Resources */,
			);
			buildRules = (
			);
			dependencies = (
			);
			name = "Agile Admin";
			productName = "Agile Admin";
			productReference = 9B89460B26D682C100F2A232 /* Agile Admin.app */;
			productType = "com.apple.product-type.application";
		};
		9B89462326D682CB00F2A232 /* Agile AdminTests */ = {
			isa = PBXNativeTarget;
			buildConfigurationList = 9B89463B26D682CB00F2A232 /* Build configuration list for PBXNativeTarget "Agile AdminTests" */;
			buildPhases = (
				9B89462026D682CB00F2A232 /* Sources */,
				9B89462126D682CB00F2A232 /* Frameworks */,
				9B89462226D682CB00F2A232 /* Resources */,
			);
			buildRules = (
			);
			dependencies = (
				9B89462626D682CB00F2A232 /* PBXTargetDependency */,
			);
			name = "Agile AdminTests";
			productName = "Agile AdminTests";
			productReference = 9B89462426D682CB00F2A232 /* Agile AdminTests.xctest */;
			productType = "com.apple.product-type.bundle.unit-test";
		};
		9B89462E26D682CB00F2A232 /* Agile AdminUITests */ = {
			isa = PBXNativeTarget;
			buildConfigurationList = 9B89463E26D682CB00F2A232 /* Build configuration list for PBXNativeTarget "Agile AdminUITests" */;
			buildPhases = (
				9B89462B26D682CB00F2A232 /* Sources */,
				9B89462C26D682CB00F2A232 /* Frameworks */,
				9B89462D26D682CB00F2A232 /* Resources */,
			);
			buildRules = (
			);
			dependencies = (
				9B89463126D682CB00F2A232 /* PBXTargetDependency */,
			);
			name = "Agile AdminUITests";
			productName = "Agile AdminUITests";
			productReference = 9B89462F26D682CB00F2A232 /* Agile AdminUITests.xctest */;
			productType = "com.apple.product-type.bundle.ui-testing";
		};
/* End PBXNativeTarget section */

/* Begin PBXProject section */
		9B89460326D682C100F2A232 /* Project object */ = {
			isa = PBXProject;
			attributes = {
				LastSwiftUpdateCheck = 1250;
				LastUpgradeCheck = 1250;
				TargetAttributes = {
					9B89460A26D682C100F2A232 = {
						CreatedOnToolsVersion = 12.5.1;
					};
					9B89462326D682CB00F2A232 = {
						CreatedOnToolsVersion = 12.5.1;
						TestTargetID = 9B89460A26D682C100F2A232;
					};
					9B89462E26D682CB00F2A232 = {
						CreatedOnToolsVersion = 12.5.1;
						TestTargetID = 9B89460A26D682C100F2A232;
					};
				};
			};
			buildConfigurationList = 9B89460626D682C100F2A232 /* Build configuration list for PBXProject "Agile Admin" */;
			compatibilityVersion = "Xcode 9.3";
			developmentRegion = en;
			hasScannedForEncodings = 0;
			knownRegions = (
				en,
				Base,
			);
			mainGroup = 9B89460226D682C100F2A232;
			productRefGroup = 9B89460C26D682C100F2A232 /* Products */;
			projectDirPath = "";
			projectRoot = "";
			targets = (
				9B89460A26D682C100F2A232 /* Agile Admin */,
				9B89462326D682CB00F2A232 /* Agile AdminTests */,
				9B89462E26D682CB00F2A232 /* Agile AdminUITests */,
			);
		};
/* End PBXProject section */

/* Begin PBXResourcesBuildPhase section */
		9B89460926D682C100F2A232 /* Resources */ = {
			isa = PBXResourcesBuildPhase;
			buildActionMask = 2147483647;
			files = (
				9B89461E26D682CA00F2A232 /* LaunchScreen.storyboard in Resources */,
				9B89461B26D682CA00F2A232 /* Assets.xcassets in Resources */,
				9B89461626D682C100F2A232 /* Main.storyboard in Resources */,
			);
			runOnlyForDeploymentPostprocessing = 0;
		};
		9B89462226D682CB00F2A232 /* Resources */ = {
			isa = PBXResourcesBuildPhase;
			buildActionMask = 2147483647;
			files = (
			);
			runOnlyForDeploymentPostprocessing = 0;
		};
		9B89462D26D682CB00F2A232 /* Resources */ = {
			isa = PBXResourcesBuildPhase;
			buildActionMask = 2147483647;
			files = (
			);
			runOnlyForDeploymentPostprocessing = 0;
		};
/* End PBXResourcesBuildPhase section */

/* Begin PBXSourcesBuildPhase section */
		9B89460726D682C100F2A232 /* Sources */ = {
			isa = PBXSourcesBuildPhase;
			buildActionMask = 2147483647;
			files = (
				9B89461326D682C100F2A232 /* ViewController.swift in Sources */,
				9B89460F26D682C100F2A232 /* AppDelegate.swift in Sources */,
				9B89461926D682C100F2A232 /* Agile_Admin.xcdatamodeld in Sources */,
				9B89461126D682C100F2A232 /* SceneDelegate.swift in Sources */,
			);
			runOnlyForDeploymentPostprocessing = 0;
		};
		9B89462026D682CB00F2A232 /* Sources */ = {
			isa = PBXSourcesBuildPhase;
			buildActionMask = 2147483647;
			files = (
				9B89462926D682CB00F2A232 /* Agile_AdminTests.swift in Sources */,
			);
			runOnlyForDeploymentPostprocessing = 0;
		};
		9B89462B26D682CB00F2A232 /* Sources */ = {
			isa = PBXSourcesBuildPhase;
			buildActionMask = 2147483647;
			files = (
				9B89463426D682CB00F2A232 /* Agile_AdminUITests.swift in Sources */,
			);
			runOnlyForDeploymentPostprocessing = 0;
		};
/* End PBXSourcesBuildPhase section */

/* Begin PBXTargetDependency section */
		9B89462626D682CB00F2A232 /* PBXTargetDependency */ = {
			isa = PBXTargetDependency;
			target = 9B89460A26D682C100F2A232 /* Agile Admin */;
			targetProxy = 9B89462526D682CB00F2A232 /* PBXContainerItemProxy */;
		};
		9B89463126D682CB00F2A232 /* PBXTargetDependency */ = {
			isa = PBXTargetDependency;
			target = 9B89460A26D682C100F2A232 /* Agile Admin */;
			targetProxy = 9B89463026D682CB00F2A232 /* PBXContainerItemProxy */;
		};
/* End PBXTargetDependency section */

/* Begin PBXVariantGroup section */
		9B89461426D682C100F2A232 /* Main.storyboard */ = {
			isa = PBXVariantGroup;
			children = (
				9B89461526D682C100F2A232 /* Base */,
			);
			name = Main.storyboard;
			sourceTree = "<group>";
		};
		9B89461C26D682CA00F2A232 /* LaunchScreen.storyboard */ = {
			isa = PBXVariantGroup;
			children = (
				9B89461D26D682CA00F2A232 /* Base */,
			);
			name = LaunchScreen.storyboard;
			sourceTree = "<group>";
		};
/* End PBXVariantGroup section */

/* Begin XCBuildConfiguration section */
		9B89463626D682CB00F2A232 /* Debug */ = {
			isa = XCBuildConfiguration;
			buildSettings = {
				ALWAYS_SEARCH_USER_PATHS = NO;
				CLANG_ANALYZER_NONNULL = YES;
				CLANG_ANALYZER_NUMBER_OBJECT_CONVERSION = YES_AGGRESSIVE;
				CLANG_CXX_LANGUAGE_STANDARD = "gnu++14";
				CLANG_CXX_LIBRARY = "libc++";
				CLANG_ENABLE_MODULES = YES;
				CLANG_ENABLE_OBJC_ARC = YES;
				CLANG_ENABLE_OBJC_WEAK = YES;
				CLANG_WARN_BLOCK_CAPTURE_AUTORELEASING = YES;
				CLANG_WARN_BOOL_CONVERSION = YES;
				CLANG_WARN_COMMA = YES;
				CLANG_WARN_CONSTANT_CONVERSION = YES;
				CLANG_WARN_DEPRECATED_OBJC_IMPLEMENTATIONS = YES;
				CLANG_WARN_DIRECT_OBJC_ISA_USAGE = YES_ERROR;
				CLANG_WARN_DOCUMENTATION_COMMENTS = YES;
				CLANG_WARN_EMPTY_BODY = YES;
				CLANG_WARN_ENUM_CONVERSION = YES;
				CLANG_WARN_INFINITE_RECURSION = YES;
				CLANG_WARN_INT_CONVERSION = YES;
				CLANG_WARN_NON_LITERAL_NULL_CONVERSION = YES;
				CLANG_WARN_OBJC_IMPLICIT_RETAIN_SELF = YES;
				CLANG_WARN_OBJC_LITERAL_CONVERSION = YES;
				CLANG_WARN_OBJC_ROOT_CLASS = YES_ERROR;
				CLANG_WARN_QUOTED_INCLUDE_IN_FRAMEWORK_HEADER = YES;
				CLANG_WARN_RANGE_LOOP_ANALYSIS = YES;
				CLANG_WARN_STRICT_PROTOTYPES = YES;
				CLANG_WARN_SUSPICIOUS_MOVE = YES;
				CLANG_WARN_UNGUARDED_AVAILABILITY = YES_AGGRESSIVE;
				CLANG_WARN_UNREACHABLE_CODE = YES;
				CLANG_WARN__DUPLICATE_METHOD_MATCH = YES;
				COPY_PHASE_STRIP = NO;
				DEBUG_INFORMATION_FORMAT = dwarf;
				ENABLE_STRICT_OBJC_MSGSEND = YES;
				ENABLE_TESTABILITY = YES;
				GCC_C_LANGUAGE_STANDARD = gnu11;
				GCC_DYNAMIC_NO_PIC = NO;
				GCC_NO_COMMON_BLOCKS = YES;
				GCC_OPTIMIZATION_LEVEL = 0;
				GCC_PREPROCESSOR_DEFINITIONS = (
					"DEBUG=1",
					"$(inherited)",
				);
				GCC_WARN_64_TO_32_BIT_CONVERSION = YES;
				GCC_WARN_ABOUT_RETURN_TYPE = YES_ERROR;
				GCC_WARN_UNDECLARED_SELECTOR = YES;
				GCC_WARN_UNINITIALIZED_AUTOS = YES_AGGRESSIVE;
				GCC_WARN_UNUSED_FUNCTION = YES;
				GCC_WARN_UNUSED_VARIABLE = YES;
				IPHONEOS_DEPLOYMENT_TARGET = 14.5;
				MTL_ENABLE_DEBUG_INFO = INCLUDE_SOURCE;
				MTL_FAST_MATH = YES;
				ONLY_ACTIVE_ARCH = YES;
				SDKROOT = iphoneos;
				SWIFT_ACTIVE_COMPILATION_CONDITIONS = DEBUG;
				SWIFT_OPTIMIZATION_LEVEL = "-Onone";
			};
			name = Debug;
		};
		9B89463726D682CB00F2A232 /* Release */ = {
			isa = XCBuildConfiguration;
			buildSettings = {
				ALWAYS_SEARCH_USER_PATHS = NO;
				CLANG_ANALYZER_NONNULL = YES;
				CLANG_ANALYZER_NUMBER_OBJECT_CONVERSION = YES_AGGRESSIVE;
				CLANG_CXX_LANGUAGE_STANDARD = "gnu++14";
				CLANG_CXX_LIBRARY = "libc++";
				CLANG_ENABLE_MODULES = YES;
				CLANG_ENABLE_OBJC_ARC = YES;
				CLANG_ENABLE_OBJC_WEAK = YES;
				CLANG_WARN_BLOCK_CAPTURE_AUTORELEASING = YES;
				CLANG_WARN_BOOL_CONVERSION = YES;
				CLANG_WARN_COMMA = YES;
				CLANG_WARN_CONSTANT_CONVERSION = YES;
				CLANG_WARN_DEPRECATED_OBJC_IMPLEMENTATIONS = YES;
				CLANG_WARN_DIRECT_OBJC_ISA_USAGE = YES_ERROR;
				CLANG_WARN_DOCUMENTATION_COMMENTS = YES;
				CLANG_WARN_EMPTY_BODY = YES;
				CLANG_WARN_ENUM_CONVERSION = YES;
				CLANG_WARN_INFINITE_RECURSION = YES;
				CLANG_WARN_INT_CONVERSION = YES;
				CLANG_WARN_NON_LITERAL_NULL_CONVERSION = YES;
				CLANG_WARN_OBJC_IMPLICIT_RETAIN_SELF = YES;
				CLANG_WARN_OBJC_LITERAL_CONVERSION = YES;
				CLANG_WARN_OBJC_ROOT_CLASS = YES_ERROR;
				CLANG_WARN_QUOTED_INCLUDE_IN_FRAMEWORK_HEADER = YES;
				CLANG_WARN_RANGE_LOOP_ANALYSIS = YES;
				CLANG_WARN_STRICT_PROTOTYPES = YES;
				CLANG_WARN_SUSPICIOUS_MOVE = YES;
				CLANG_WARN_UNGUARDED_AVAILABILITY = YES_AGGRESSIVE;
				CLANG_WARN_UNREACHABLE_CODE = YES;
				CLANG_WARN__DUPLICATE_METHOD_MATCH = YES;
				COPY_PHASE_STRIP = NO;
				DEBUG_INFORMATION_FORMAT = "dwarf-with-dsym";
				ENABLE_NS_ASSERTIONS = NO;
				ENABLE_STRICT_OBJC_MSGSEND = YES;
				GCC_C_LANGUAGE_STANDARD = gnu11;
				GCC_NO_COMMON_BLOCKS = YES;
				GCC_WARN_64_TO_32_BIT_CONVERSION = YES;
				GCC_WARN_ABOUT_RETURN_TYPE = YES_ERROR;
				GCC_WARN_UNDECLARED_SELECTOR = YES;
				GCC_WARN_UNINITIALIZED_AUTOS = YES_AGGRESSIVE;
				GCC_WARN_UNUSED_FUNCTION = YES;
				GCC_WARN_UNUSED_VARIABLE = YES;
				IPHONEOS_DEPLOYMENT_TARGET = 14.5;
				MTL_ENABLE_DEBUG_INFO = NO;
				MTL_FAST_MATH = YES;
				SDKROOT = iphoneos;
				SWIFT_COMPILATION_MODE = wholemodule;
				SWIFT_OPTIMIZATION_LEVEL = "-O";
				VALIDATE_PRODUCT = YES;
			};
			name = Release;
		};
		9B89463926D682CB00F2A232 /* Debug */ = {
			isa = XCBuildConfiguration;
			buildSettings = {
				ASSETCATALOG_COMPILER_APPICON_NAME = AppIcon;
				ASSETCATALOG_COMPILER_GLOBAL_ACCENT_COLOR_NAME = AccentColor;
				CODE_SIGN_STYLE = Automatic;
				DEVELOPMENT_TEAM = 98H7T48TZJ;
				INFOPLIST_FILE = "Agile Admin/Info.plist";
				LD_RUNPATH_SEARCH_PATHS = (
					"$(inherited)",
					"@executable_path/Frameworks",
				);
				PRODUCT_BUNDLE_IDENTIFIER = "com.gayan.Agile-Admin";
				PRODUCT_NAME = "$(TARGET_NAME)";
				SWIFT_VERSION = 5.0;
				TARGETED_DEVICE_FAMILY = "1,2";
			};
			name = Debug;
		};
		9B89463A26D682CB00F2A232 /* Release */ = {
			isa = XCBuildConfiguration;
			buildSettings = {
				ASSETCATALOG_COMPILER_APPICON_NAME = AppIcon;
				ASSETCATALOG_COMPILER_GLOBAL_ACCENT_COLOR_NAME = AccentColor;
				CODE_SIGN_STYLE = Automatic;
				DEVELOPMENT_TEAM = 98H7T48TZJ;
				INFOPLIST_FILE = "Agile Admin/Info.plist";
				LD_RUNPATH_SEARCH_PATHS = (
					"$(inherited)",
					"@executable_path/Frameworks",
				);
				PRODUCT_BUNDLE_IDENTIFIER = "com.gayan.Agile-Admin";
				PRODUCT_NAME = "$(TARGET_NAME)";
				SWIFT_VERSION = 5.0;
				TARGETED_DEVICE_FAMILY = "1,2";
			};
			name = Release;
		};
		9B89463C26D682CB00F2A232 /* Debug */ = {
			isa = XCBuildConfiguration;
			buildSettings = {
				ALWAYS_EMBED_SWIFT_STANDARD_LIBRARIES = YES;
				BUNDLE_LOADER = "$(TEST_HOST)";
				CODE_SIGN_STYLE = Automatic;
				DEVELOPMENT_TEAM = 98H7T48TZJ;
				INFOPLIST_FILE = "Agile AdminTests/Info.plist";
				IPHONEOS_DEPLOYMENT_TARGET = 14.5;
				LD_RUNPATH_SEARCH_PATHS = (
					"$(inherited)",
					"@executable_path/Frameworks",
					"@loader_path/Frameworks",
				);
				PRODUCT_BUNDLE_IDENTIFIER = "com.gayan.Agile-AdminTests";
				PRODUCT_NAME = "$(TARGET_NAME)";
				SWIFT_VERSION = 5.0;
				TARGETED_DEVICE_FAMILY = "1,2";
				TEST_HOST = "$(BUILT_PRODUCTS_DIR)/Agile Admin.app/Agile Admin";
			};
			name = Debug;
		};
		9B89463D26D682CB00F2A232 /* Release */ = {
			isa = XCBuildConfiguration;
			buildSettings = {
				ALWAYS_EMBED_SWIFT_STANDARD_LIBRARIES = YES;
				BUNDLE_LOADER = "$(TEST_HOST)";
				CODE_SIGN_STYLE = Automatic;
				DEVELOPMENT_TEAM = 98H7T48TZJ;
				INFOPLIST_FILE = "Agile AdminTests/Info.plist";
				IPHONEOS_DEPLOYMENT_TARGET = 14.5;
				LD_RUNPATH_SEARCH_PATHS = (
					"$(inherited)",
					"@executable_path/Frameworks",
					"@loader_path/Frameworks",
				);
				PRODUCT_BUNDLE_IDENTIFIER = "com.gayan.Agile-AdminTests";
				PRODUCT_NAME = "$(TARGET_NAME)";
				SWIFT_VERSION = 5.0;
				TARGETED_DEVICE_FAMILY = "1,2";
				TEST_HOST = "$(BUILT_PRODUCTS_DIR)/Agile Admin.app/Agile Admin";
			};
			name = Release;
		};
		9B89463F26D682CB00F2A232 /* Debug */ = {
			isa = XCBuildConfiguration;
			buildSettings = {
				ALWAYS_EMBED_SWIFT_STANDARD_LIBRARIES = YES;
				CODE_SIGN_STYLE = Automatic;
				DEVELOPMENT_TEAM = 98H7T48TZJ;
				INFOPLIST_FILE = "Agile AdminUITests/Info.plist";
				LD_RUNPATH_SEARCH_PATHS = (
					"$(inherited)",
					"@executable_path/Frameworks",
					"@loader_path/Frameworks",
				);
				PRODUCT_BUNDLE_IDENTIFIER = "com.gayan.Agile-AdminUITests";
				PRODUCT_NAME = "$(TARGET_NAME)";
				SWIFT_VERSION = 5.0;
				TARGETED_DEVICE_FAMILY = "1,2";
				TEST_TARGET_NAME = "Agile Admin";
			};
			name = Debug;
		};
		9B89464026D682CB00F2A232 /* Release */ = {
			isa = XCBuildConfiguration;
			buildSettings = {
				ALWAYS_EMBED_SWIFT_STANDARD_LIBRARIES = YES;
				CODE_SIGN_STYLE = Automatic;
				DEVELOPMENT_TEAM = 98H7T48TZJ;
				INFOPLIST_FILE = "Agile AdminUITests/Info.plist";
				LD_RUNPATH_SEARCH_PATHS = (
					"$(inherited)",
					"@executable_path/Frameworks",
					"@loader_path/Frameworks",
				);
				PRODUCT_BUNDLE_IDENTIFIER = "com.gayan.Agile-AdminUITests";
				PRODUCT_NAME = "$(TARGET_NAME)";
				SWIFT_VERSION = 5.0;
				TARGETED_DEVICE_FAMILY = "1,2";
				TEST_TARGET_NAME = "Agile Admin";
			};
			name = Release;
		};
/* End XCBuildConfiguration section */

/* Begin XCConfigurationList section */
		9B89460626D682C100F2A232 /* Build configuration list for PBXProject "Agile Admin" */ = {
			isa = XCConfigurationList;
			buildConfigurations = (
				9B89463626D682CB00F2A232 /* Debug */,
				9B89463726D682CB00F2A232 /* Release */,
			);
			defaultConfigurationIsVisible = 0;
			defaultConfigurationName = Release;
		};
		9B89463826D682CB00F2A232 /* Build configuration list for PBXNativeTarget "Agile Admin" */ = {
			isa = XCConfigurationList;
			buildConfigurations = (
				9B89463926D682CB00F2A232 /* Debug */,
				9B89463A26D682CB00F2A232 /* Release */,
			);
			defaultConfigurationIsVisible = 0;
			defaultConfigurationName = Release;
		};
		9B89463B26D682CB00F2A232 /* Build configuration list for PBXNativeTarget "Agile AdminTests" */ = {
			isa = XCConfigurationList;
			buildConfigurations = (
				9B89463C26D682CB00F2A232 /* Debug */,
				9B89463D26D682CB00F2A232 /* Release */,
			);
			defaultConfigurationIsVisible = 0;
			defaultConfigurationName = Release;
		};
		9B89463E26D682CB00F2A232 /* Build configuration list for PBXNativeTarget "Agile AdminUITests" */ = {
			isa = XCConfigurationList;
			buildConfigurations = (
				9B89463F26D682CB00F2A232 /* Debug */,
				9B89464026D682CB00F2A232 /* Release */,
			);
			defaultConfigurationIsVisible = 0;
			defaultConfigurationName = Release;
		};
/* End XCConfigurationList section */

/* Begin XCVersionGroup section */
		9B89461726D682C100F2A232 /* Agile_Admin.xcdatamodeld */ = {
			isa = XCVersionGroup;
			children = (
				9B89461826D682C100F2A232 /* Agile_Admin.xcdatamodel */,
			);
			currentVersion = 9B89461826D682C100F2A232 /* Agile_Admin.xcdatamodel */;
			path = Agile_Admin.xcdatamodeld;
			sourceTree = "<group>";
			versionGroupType = wrapper.xcdatamodel;
		};
/* End XCVersionGroup section */
	};
	rootObject = 9B89460326D682C100F2A232 /* Project object */;
}
